
Microsoft Visual Studio Solution File, Format Version 12.00
# Visual Studio Version 17
VisualStudioVersion = 17.2.32616.157
MinimumVisualStudioVersion = 10.0.40219.1
Project("{FAE04EC0-301F-11D3-BF4B-00C04F79EFBC}") = "Exercise1", "Exercise1\Exercise1.csproj", "{3D929A91-1E0A-492A-AC12-250C6BED0A65}"
EndProject
Project("{FAE04EC0-301F-11D3-BF4B-00C04F79EFBC}") = "Exercise2", "Exercise2\Exercise2.csproj", "{D0B261B2-7A2E-4424-BEA7-1770B8FEC7AE}"
EndProject
Global
	GlobalSection(SolutionConfigurationPlatforms) = preSolution
		Debug|Any CPU = Debug|Any CPU
		Release|Any CPU = Release|Any CPU
	EndGlobalSection
	GlobalSection(ProjectConfigurationPlatforms) = postSolution
		{3D929A91-1E0A-492A-AC12-250C6BED0A65}.Debug|Any CPU.ActiveCfg = Debug|Any CPU
		{3D929A91-1E0A-492A-AC12-250C6BED0A65}.Debug|Any CPU.Build.0 = Debug|Any CPU
		{3D929A91-1E0A-492A-AC12-250C6BED0A65}.Release|Any CPU.ActiveCfg = Release|Any CPU
		{3D929A91-1E0A-492A-AC12-250C6BED0A65}.Release|Any CPU.Build.0 = Release|Any CPU
		{D0B261B2-7A2E-4424-BEA7-1770B8FEC7AE}.Debug|Any CPU.ActiveCfg = Debug|Any CPU
		{D0B261B2-7A2E-4424-BEA7-1770B8FEC7AE}.Debug|Any CPU.Build.0 = Debug|Any CPU
		{D0B261B2-7A2E-4424-BEA7-1770B8FEC7AE}.Release|Any CPU.ActiveCfg = Release|Any CPU
		{D0B261B2-7A2E-4424-BEA7-1770B8FEC7AE}.Release|Any CPU.Build.0 = Release|Any CPU
	EndGlobalSection
	GlobalSection(SolutionProperties) = preSolution
		HideSolutionNode = FALSE
	EndGlobalSection
	GlobalSection(ExtensibilityGlobals) = postSolution
		SolutionGuid = {2AF20A1F-7F75-4AB9-A037-C234BD38C7E9}
	EndGlobalSection
EndGlobal
