
Microsoft Visual Studio Solution File, Format Version 12.00
# Visual Studio Version 17
VisualStudioVersion = 17.2.32616.157
MinimumVisualStudioVersion = 10.0.40219.1
Project("{9A19103F-16F7-4668-BE54-9A1E7A4F7556}") = "Exercise1", "Exercise1\Exercise1.csproj", "{B183654F-857A-4194-9D39-3F62809A94C6}"
EndProject
Project("{FAE04EC0-301F-11D3-BF4B-00C04F79EFBC}") = "Exercise2", "Exercise2\Exercise2.csproj", "{367F602F-185F-41CB-9FED-150339F5C133}"
EndProject
Global
	GlobalSection(SolutionConfigurationPlatforms) = preSolution
		Debug|Any CPU = Debug|Any CPU
		Release|Any CPU = Release|Any CPU
	EndGlobalSection
	GlobalSection(ProjectConfigurationPlatforms) = postSolution
		{B183654F-857A-4194-9D39-3F62809A94C6}.Debug|Any CPU.ActiveCfg = Debug|Any CPU
		{B183654F-857A-4194-9D39-3F62809A94C6}.Debug|Any CPU.Build.0 = Debug|Any CPU
		{B183654F-857A-4194-9D39-3F62809A94C6}.Release|Any CPU.ActiveCfg = Release|Any CPU
		{B183654F-857A-4194-9D39-3F62809A94C6}.Release|Any CPU.Build.0 = Release|Any CPU
		{367F602F-185F-41CB-9FED-150339F5C133}.Debug|Any CPU.ActiveCfg = Debug|Any CPU
		{367F602F-185F-41CB-9FED-150339F5C133}.Debug|Any CPU.Build.0 = Debug|Any CPU
		{367F602F-185F-41CB-9FED-150339F5C133}.Release|Any CPU.ActiveCfg = Release|Any CPU
		{367F602F-185F-41CB-9FED-150339F5C133}.Release|Any CPU.Build.0 = Release|Any CPU
	EndGlobalSection
	GlobalSection(SolutionProperties) = preSolution
		HideSolutionNode = FALSE
	EndGlobalSection
	GlobalSection(ExtensibilityGlobals) = postSolution
		SolutionGuid = {1ED72E0D-B12A-4E93-8678-44F59FEFEFA5}
	EndGlobalSection
EndGlobal
